hash: 6d629fc6d8c4e92620ef1c780b423d0dfcd99f3b311170b755b90e1f9efe8eff
updated: 2016-10-15T21:38:51.049084597-03:00
imports:
- name: github.com/inconshreveable/mousetrap
  version: 76626ae9c91c4f2a10f34cad8ce83ea42c93bb75
- name: github.com/onsi/ginkgo
  version: 462326b1628e124b23f42e87a8f2750e3c4e2d24
- name: github.com/onsi/gomega
  version: a78ae492d53aad5a7a232d0d0462c14c400e3ee7
- name: github.com/spf13/cobra
  version: 7c674d9e72017ed25f6d2b5e497a1368086b6a6f
- name: github.com/spf13/pflag
  version: 6454a84b6da0ea8b628d5d8a26759f62c6c161b4
- name: github.com/uber-go/atomic
  version: 0c9e689d64f004564b79d9a663634756df322902
- name: github.com/uber-go/zap
  version: d11d2851fcabcf03421c4dbdbc3146fc74eb1035
testImports: []
